
Microsoft Visual Studio Solution File, Format Version 12.00
# Visual Studio 16
Project("{FAE04EC0-301F-11D3-BF4B-00C04F79EFBC}") = "Assembly-CSharp", "Assembly-CSharp.csproj", "{35E2DEAF-08C4-9EBD-BFAB-67F9AF0520AA}"
EndProject
Project("{FAE04EC0-301F-11D3-BF4B-00C04F79EFBC}") = "MacBLAS", "MacBLAS.csproj", "{A0C702ED-494B-3CE9-3BBF-7907BAC38082}"
EndProject
Project("{FAE04EC0-301F-11D3-BF4B-00C04F79EFBC}") = "iOSBLAS", "iOSBLAS.csproj", "{4E4A5829-A6BF-B7EC-A585-99620EB5CCE8}"
EndProject
Project("{FAE04EC0-301F-11D3-BF4B-00C04F79EFBC}") = "Assembly-CSharp-Editor", "Assembly-CSharp-Editor.csproj", "{86F36479-8841-D71C-57BC-EE80255B844D}"
EndProject
Global
	GlobalSection(SolutionConfigurationPlatforms) = preSolution
		Debug|Any CPU = Debug|Any CPU
		Release|Any CPU = Release|Any CPU
	EndGlobalSection
	GlobalSection(ProjectConfigurationPlatforms) = postSolution
		{35E2DEAF-08C4-9EBD-BFAB-67F9AF0520AA}.Debug|Any CPU.ActiveCfg = Debug|Any CPU
		{35E2DEAF-08C4-9EBD-BFAB-67F9AF0520AA}.Debug|Any CPU.Build.0 = Debug|Any CPU
		{35E2DEAF-08C4-9EBD-BFAB-67F9AF0520AA}.Release|Any CPU.ActiveCfg = Release|Any CPU
		{35E2DEAF-08C4-9EBD-BFAB-67F9AF0520AA}.Release|Any CPU.Build.0 = Release|Any CPU
		{A0C702ED-494B-3CE9-3BBF-7907BAC38082}.Debug|Any CPU.ActiveCfg = Debug|Any CPU
		{A0C702ED-494B-3CE9-3BBF-7907BAC38082}.Debug|Any CPU.Build.0 = Debug|Any CPU
		{A0C702ED-494B-3CE9-3BBF-7907BAC38082}.Release|Any CPU.ActiveCfg = Release|Any CPU
		{A0C702ED-494B-3CE9-3BBF-7907BAC38082}.Release|Any CPU.Build.0 = Release|Any CPU
		{4E4A5829-A6BF-B7EC-A585-99620EB5CCE8}.Debug|Any CPU.ActiveCfg = Debug|Any CPU
		{4E4A5829-A6BF-B7EC-A585-99620EB5CCE8}.Debug|Any CPU.Build.0 = Debug|Any CPU
		{4E4A5829-A6BF-B7EC-A585-99620EB5CCE8}.Release|Any CPU.ActiveCfg = Release|Any CPU
		{4E4A5829-A6BF-B7EC-A585-99620EB5CCE8}.Release|Any CPU.Build.0 = Release|Any CPU
		{86F36479-8841-D71C-57BC-EE80255B844D}.Debug|Any CPU.ActiveCfg = Debug|Any CPU
		{86F36479-8841-D71C-57BC-EE80255B844D}.Debug|Any CPU.Build.0 = Debug|Any CPU
		{86F36479-8841-D71C-57BC-EE80255B844D}.Release|Any CPU.ActiveCfg = Release|Any CPU
		{86F36479-8841-D71C-57BC-EE80255B844D}.Release|Any CPU.Build.0 = Release|Any CPU
	EndGlobalSection
	GlobalSection(SolutionProperties) = preSolution
		HideSolutionNode = FALSE
	EndGlobalSection
EndGlobal
